
Microsoft Visual Studio Solution File, Format Version 12.00
# Visual Studio Version 16
VisualStudioVersion = 16.0.30011.22
MinimumVisualStudioVersion = 10.0.40219.1
Project("{9A19103F-16F7-4668-BE54-9A1E7A4F7556}") = "RobotRoverTask", "RobotRoverTask\RobotRoverTask.csproj", "{A150FD10-3982-4350-81CF-2AB273CB3E6D}"
EndProject
Project("{FAE04EC0-301F-11D3-BF4B-00C04F79EFBC}") = "MarsRover", "MarsRover\MarsRover.csproj", "{51DD1792-7B1F-49D1-9595-0182AD4CF783}"
EndProject
Project("{FAE04EC0-301F-11D3-BF4B-00C04F79EFBC}") = "RoverUnitTest", "RoverUnitTest\RoverUnitTest.csproj", "{DBCB19D9-5EC0-4C65-93DA-770ED1661A13}"
EndProject
Global
	GlobalSection(SolutionConfigurationPlatforms) = preSolution
		Debug|Any CPU = Debug|Any CPU
		Release|Any CPU = Release|Any CPU
	EndGlobalSection
	GlobalSection(ProjectConfigurationPlatforms) = postSolution
		{A150FD10-3982-4350-81CF-2AB273CB3E6D}.Debug|Any CPU.ActiveCfg = Debug|Any CPU
		{A150FD10-3982-4350-81CF-2AB273CB3E6D}.Debug|Any CPU.Build.0 = Debug|Any CPU
		{A150FD10-3982-4350-81CF-2AB273CB3E6D}.Release|Any CPU.ActiveCfg = Release|Any CPU
		{A150FD10-3982-4350-81CF-2AB273CB3E6D}.Release|Any CPU.Build.0 = Release|Any CPU
		{51DD1792-7B1F-49D1-9595-0182AD4CF783}.Debug|Any CPU.ActiveCfg = Debug|Any CPU
		{51DD1792-7B1F-49D1-9595-0182AD4CF783}.Debug|Any CPU.Build.0 = Debug|Any CPU
		{51DD1792-7B1F-49D1-9595-0182AD4CF783}.Release|Any CPU.ActiveCfg = Release|Any CPU
		{51DD1792-7B1F-49D1-9595-0182AD4CF783}.Release|Any CPU.Build.0 = Release|Any CPU
		{DBCB19D9-5EC0-4C65-93DA-770ED1661A13}.Debug|Any CPU.ActiveCfg = Debug|Any CPU
		{DBCB19D9-5EC0-4C65-93DA-770ED1661A13}.Debug|Any CPU.Build.0 = Debug|Any CPU
		{DBCB19D9-5EC0-4C65-93DA-770ED1661A13}.Release|Any CPU.ActiveCfg = Release|Any CPU
		{DBCB19D9-5EC0-4C65-93DA-770ED1661A13}.Release|Any CPU.Build.0 = Release|Any CPU
	EndGlobalSection
	GlobalSection(SolutionProperties) = preSolution
		HideSolutionNode = FALSE
	EndGlobalSection
	GlobalSection(ExtensibilityGlobals) = postSolution
		SolutionGuid = {8A266228-3C9B-471E-862B-B88759F2A0D0}
	EndGlobalSection
EndGlobal
